
Microsoft Visual Studio Solution File, Format Version 12.00
# Visual Studio Version 16
VisualStudioVersion = 16.0.29411.138
MinimumVisualStudioVersion = 10.0.40219.1
Project("{8BC9CEB8-8B4A-11D0-8D11-00A0C91BC942}") = "NativeInteropApp", "NativeInteropApp\NativeInteropApp.vcxproj", "{C046B8EC-D6BB-41E1-95DE-E9E5EA6EE5AF}"
EndProject
Project("{8BC9CEB8-8B4A-11D0-8D11-00A0C91BC942}") = "CPP_CLI_Interop", "CPP_CLI_Interop\CPP_CLI_Interop.vcxproj", "{1472054A-2E6C-4FBE-AD2D-ACE63E89155E}"
EndProject
Project("{9A19103F-16F7-4668-BE54-9A1E7A4F7556}") = "CSharp", "CSharp\CSharp.csproj", "{32D8A9F9-F49D-4606-8920-8161F2BE686B}"
EndProject
Project("{8BC9CEB8-8B4A-11D0-8D11-00A0C91BC942}") = "InteropLibrary", "InteropLibrary\InteropLibrary.vcxproj", "{DAC61760-9B5A-4B86-899E-44E6A2F42FED}"
EndProject
Global
	GlobalSection(SolutionConfigurationPlatforms) = preSolution
		Debug|Any CPU = Debug|Any CPU
		Debug|x64 = Debug|x64
		Debug|x86 = Debug|x86
		Release|Any CPU = Release|Any CPU
		Release|x64 = Release|x64
		Release|x86 = Release|x86
	EndGlobalSection
	GlobalSection(ProjectConfigurationPlatforms) = postSolution
		{C046B8EC-D6BB-41E1-95DE-E9E5EA6EE5AF}.Debug|Any CPU.ActiveCfg = Debug|Win32
		{C046B8EC-D6BB-41E1-95DE-E9E5EA6EE5AF}.Debug|x64.ActiveCfg = Debug|x64
		{C046B8EC-D6BB-41E1-95DE-E9E5EA6EE5AF}.Debug|x64.Build.0 = Debug|x64
		{C046B8EC-D6BB-41E1-95DE-E9E5EA6EE5AF}.Debug|x86.ActiveCfg = Debug|Win32
		{C046B8EC-D6BB-41E1-95DE-E9E5EA6EE5AF}.Debug|x86.Build.0 = Debug|Win32
		{C046B8EC-D6BB-41E1-95DE-E9E5EA6EE5AF}.Release|Any CPU.ActiveCfg = Release|Win32
		{C046B8EC-D6BB-41E1-95DE-E9E5EA6EE5AF}.Release|x64.ActiveCfg = Release|x64
		{C046B8EC-D6BB-41E1-95DE-E9E5EA6EE5AF}.Release|x64.Build.0 = Release|x64
		{C046B8EC-D6BB-41E1-95DE-E9E5EA6EE5AF}.Release|x86.ActiveCfg = Release|Win32
		{C046B8EC-D6BB-41E1-95DE-E9E5EA6EE5AF}.Release|x86.Build.0 = Release|Win32
		{1472054A-2E6C-4FBE-AD2D-ACE63E89155E}.Debug|Any CPU.ActiveCfg = Debug|Win32
		{1472054A-2E6C-4FBE-AD2D-ACE63E89155E}.Debug|x64.ActiveCfg = Debug|x64
		{1472054A-2E6C-4FBE-AD2D-ACE63E89155E}.Debug|x64.Build.0 = Debug|x64
		{1472054A-2E6C-4FBE-AD2D-ACE63E89155E}.Debug|x86.ActiveCfg = Debug|Win32
		{1472054A-2E6C-4FBE-AD2D-ACE63E89155E}.Debug|x86.Build.0 = Debug|Win32
		{1472054A-2E6C-4FBE-AD2D-ACE63E89155E}.Release|Any CPU.ActiveCfg = Release|Win32
		{1472054A-2E6C-4FBE-AD2D-ACE63E89155E}.Release|x64.ActiveCfg = Release|x64
		{1472054A-2E6C-4FBE-AD2D-ACE63E89155E}.Release|x64.Build.0 = Release|x64
		{1472054A-2E6C-4FBE-AD2D-ACE63E89155E}.Release|x86.ActiveCfg = Release|Win32
		{1472054A-2E6C-4FBE-AD2D-ACE63E89155E}.Release|x86.Build.0 = Release|Win32
		{32D8A9F9-F49D-4606-8920-8161F2BE686B}.Debug|Any CPU.ActiveCfg = Debug|Any CPU
		{32D8A9F9-F49D-4606-8920-8161F2BE686B}.Debug|Any CPU.Build.0 = Debug|Any CPU
		{32D8A9F9-F49D-4606-8920-8161F2BE686B}.Debug|x64.ActiveCfg = Debug|Any CPU
		{32D8A9F9-F49D-4606-8920-8161F2BE686B}.Debug|x64.Build.0 = Debug|Any CPU
		{32D8A9F9-F49D-4606-8920-8161F2BE686B}.Debug|x86.ActiveCfg = Debug|Any CPU
		{32D8A9F9-F49D-4606-8920-8161F2BE686B}.Debug|x86.Build.0 = Debug|Any CPU
		{32D8A9F9-F49D-4606-8920-8161F2BE686B}.Release|Any CPU.ActiveCfg = Release|Any CPU
		{32D8A9F9-F49D-4606-8920-8161F2BE686B}.Release|Any CPU.Build.0 = Release|Any CPU
		{32D8A9F9-F49D-4606-8920-8161F2BE686B}.Release|x64.ActiveCfg = Release|Any CPU
		{32D8A9F9-F49D-4606-8920-8161F2BE686B}.Release|x64.Build.0 = Release|Any CPU
		{32D8A9F9-F49D-4606-8920-8161F2BE686B}.Release|x86.ActiveCfg = Release|Any CPU
		{32D8A9F9-F49D-4606-8920-8161F2BE686B}.Release|x86.Build.0 = Release|Any CPU
		{DAC61760-9B5A-4B86-899E-44E6A2F42FED}.Debug|Any CPU.ActiveCfg = Debug|Win32
		{DAC61760-9B5A-4B86-899E-44E6A2F42FED}.Debug|x64.ActiveCfg = Debug|x64
		{DAC61760-9B5A-4B86-899E-44E6A2F42FED}.Debug|x64.Build.0 = Debug|x64
		{DAC61760-9B5A-4B86-899E-44E6A2F42FED}.Debug|x86.ActiveCfg = Debug|Win32
		{DAC61760-9B5A-4B86-899E-44E6A2F42FED}.Debug|x86.Build.0 = Debug|Win32
		{DAC61760-9B5A-4B86-899E-44E6A2F42FED}.Release|Any CPU.ActiveCfg = Release|Win32
		{DAC61760-9B5A-4B86-899E-44E6A2F42FED}.Release|x64.ActiveCfg = Release|x64
		{DAC61760-9B5A-4B86-899E-44E6A2F42FED}.Release|x64.Build.0 = Release|x64
		{DAC61760-9B5A-4B86-899E-44E6A2F42FED}.Release|x86.ActiveCfg = Release|Win32
		{DAC61760-9B5A-4B86-899E-44E6A2F42FED}.Release|x86.Build.0 = Release|Win32
	EndGlobalSection
	GlobalSection(SolutionProperties) = preSolution
		HideSolutionNode = FALSE
	EndGlobalSection
	GlobalSection(ExtensibilityGlobals) = postSolution
		SolutionGuid = {DA82460A-6B0E-467D-B920-54410239A155}
	EndGlobalSection
EndGlobal
